// !$*UTF8*$!
{
	archiveVersion = 1;
	classes = {
	};
	objectVersion = 50;
	objects = {

/* Begin PBXBuildFile section */
		21BEE5F424ED5EEA000584FA /* AppDelegate.swift in Sources */ = {isa = PBXBuildFile; fileRef = 21BEE5F324ED5EEA000584FA /* AppDelegate.swift */; };
		21BEE5F624ED5EEA000584FA /* SceneDelegate.swift in Sources */ = {isa = PBXBuildFile; fileRef = 21BEE5F524ED5EEA000584FA /* SceneDelegate.swift */; };
		21BEE5F824ED5EEA000584FA /* ViewController.swift in Sources */ = {isa = PBXBuildFile; fileRef = 21BEE5F724ED5EEA000584FA /* ViewController.swift */; };
		21BEE5FB24ED5EEA000584FA /* Main.storyboard in Resources */ = {isa = PBXBuildFile; fileRef = 21BEE5F924ED5EEA000584FA /* Main.storyboard */; };
		21BEE5FE24ED5EEA000584FA /* Instagram.xcdatamodeld in Sources */ = {isa = PBXBuildFile; fileRef = 21BEE5FC24ED5EEA000584FA /* Instagram.xcdatamodeld */; };
		21BEE60024ED5EEC000584FA /* Assets.xcassets in Resources */ = {isa = PBXBuildFile; fileRef = 21BEE5FF24ED5EEC000584FA /* Assets.xcassets */; };
		21BEE60324ED5EEC000584FA /* LaunchScreen.storyboard in Resources */ = {isa = PBXBuildFile; fileRef = 21BEE60124ED5EEC000584FA /* LaunchScreen.storyboard */; };
/* End PBXBuildFile section */

/* Begin PBXFileReference section */
		21BEE5F024ED5EEA000584FA /* Instagram.app */ = {isa = PBXFileReference; explicitFileType = wrapper.application; includeInIndex = 0; path = Instagram.app; sourceTree = BUILT_PRODUCTS_DIR; };
		21BEE5F324ED5EEA000584FA /* AppDelegate.swift */ = {isa = PBXFileReference; lastKnownFileType = sourcecode.swift; path = AppDelegate.swift; sourceTree = "<group>"; };
		21BEE5F524ED5EEA000584FA /* SceneDelegate.swift */ = {isa = PBXFileReference; lastKnownFileType = sourcecode.swift; path = SceneDelegate.swift; sourceTree = "<group>"; };
		21BEE5F724ED5EEA000584FA /* ViewController.swift */ = {isa = PBXFileReference; lastKnownFileType = sourcecode.swift; path = ViewController.swift; sourceTree = "<group>"; };
		21BEE5FA24ED5EEA000584FA /* Base */ = {isa = PBXFileReference; lastKnownFileType = file.storyboard; name = Base; path = Base.lproj/Main.storyboard; sourceTree = "<group>"; };
		21BEE5FD24ED5EEA000584FA /* Instagram.xcdatamodel */ = {isa = PBXFileReference; lastKnownFileType = wrapper.xcdatamodel; path = Instagram.xcdatamodel; sourceTree = "<group>"; };
		21BEE5FF24ED5EEC000584FA /* Assets.xcassets */ = {isa = PBXFileReference; lastKnownFileType = folder.assetcatalog; path = Assets.xcassets; sourceTree = "<group>"; };
		21BEE60224ED5EEC000584FA /* Base */ = {isa = PBXFileReference; lastKnownFileType = file.storyboard; name = Base; path = Base.lproj/LaunchScreen.storyboard; sourceTree = "<group>"; };
		21BEE60424ED5EEC000584FA /* Info.plist */ = {isa = PBXFileReference; lastKnownFileType = text.plist.xml; path = Info.plist; sourceTree = "<group>"; };
/* End PBXFileReference section */

/* Begin PBXFrameworksBuildPhase section */
		21BEE5ED24ED5EEA000584FA /* Frameworks */ = {
			isa = PBXFrameworksBuildPhase;
			buildActionMask = 2147483647;
			files = (
			);
			runOnlyForDeploymentPostprocessing = 0;
		};
/* End PBXFrameworksBuildPhase section */

/* Begin PBXGroup section */
		21BEE5E724ED5EEA000584FA = {
			isa = PBXGroup;
			children = (
				21BEE5F224ED5EEA000584FA /* Instagram */,
				21BEE5F124ED5EEA000584FA /* Products */,
			);
			sourceTree = "<group>";
		};
		21BEE5F124ED5EEA000584FA /* Products */ = {
			isa = PBXGroup;
			children = (
				21BEE5F024ED5EEA000584FA /* Instagram.app */,
			);
			name = Products;
			sourceTree = "<group>";
		};
		21BEE5F224ED5EEA000584FA /* Instagram */ = {
			isa = PBXGroup;
			children = (
				21BEE5F324ED5EEA000584FA /* AppDelegate.swift */,
				21BEE5F524ED5EEA000584FA /* SceneDelegate.swift */,
				21BEE5F724ED5EEA000584FA /* ViewController.swift */,
				21BEE5F924ED5EEA000584FA /* Main.storyboard */,
				21BEE5FF24ED5EEC000584FA /* Assets.xcassets */,
				21BEE60124ED5EEC000584FA /* LaunchScreen.storyboard */,
				21BEE60424ED5EEC000584FA /* Info.plist */,
				21BEE5FC24ED5EEA000584FA /* Instagram.xcdatamodeld */,
			);
			path = Instagram;
			sourceTree = "<group>";
		};
/* End PBXGroup section */

/* Begin PBXNativeTarget section */
		21BEE5EF24ED5EEA000584FA /* Instagram */ = {
			isa = PBXNativeTarget;
			buildConfigurationList = 21BEE60724ED5EEC000584FA /* Build configuration list for PBXNativeTarget "Instagram" */;
			buildPhases = (
				21BEE5EC24ED5EEA000584FA /* Sources */,
				21BEE5ED24ED5EEA000584FA /* Frameworks */,
				21BEE5EE24ED5EEA000584FA /* Resources */,
			);
			buildRules = (
			);
			dependencies = (
			);
			name = Instagram;
			productName = Instagram;
			productReference = 21BEE5F024ED5EEA000584FA /* Instagram.app */;
			productType = "com.apple.product-type.application";
		};
/* End PBXNativeTarget section */

/* Begin PBXProject section */
		21BEE5E824ED5EEA000584FA /* Project object */ = {
			isa = PBXProject;
			attributes = {
				LastSwiftUpdateCheck = 1160;
				LastUpgradeCheck = 1160;
				ORGANIZATIONNAME = "Furkan Kaan Ugsuz";
				TargetAttributes = {
					21BEE5EF24ED5EEA000584FA = {
						CreatedOnToolsVersion = 11.6;
					};
				};
			};
			buildConfigurationList = 21BEE5EB24ED5EEA000584FA /* Build configuration list for PBXProject "Instagram" */;
			compatibilityVersion = "Xcode 9.3";
			developmentRegion = en;
			hasScannedForEncodings = 0;
			knownRegions = (
				en,
				Base,
			);
			mainGroup = 21BEE5E724ED5EEA000584FA;
			productRefGroup = 21BEE5F124ED5EEA000584FA /* Products */;
			projectDirPath = "";
			projectRoot = "";
			targets = (
				21BEE5EF24ED5EEA000584FA /* Instagram */,
			);
		};
/* End PBXProject section */

/* Begin PBXResourcesBuildPhase section */
		21BEE5EE24ED5EEA000584FA /* Resources */ = {
			isa = PBXResourcesBuildPhase;
			buildActionMask = 2147483647;
			files = (
				21BEE60324ED5EEC000584FA /* LaunchScreen.storyboard in Resources */,
				21BEE60024ED5EEC000584FA /* Assets.xcassets in Resources */,
				21BEE5FB24ED5EEA000584FA /* Main.storyboard in Resources */,
			);
			runOnlyForDeploymentPostprocessing = 0;
		};
/* End PBXResourcesBuildPhase section */

/* Begin PBXSourcesBuildPhase section */
		21BEE5EC24ED5EEA000584FA /* Sources */ = {
			isa = PBXSourcesBuildPhase;
			buildActionMask = 2147483647;
			files = (
				21BEE5FE24ED5EEA000584FA /* Instagram.xcdatamodeld in Sources */,
				21BEE5F824ED5EEA000584FA /* ViewController.swift in Sources */,
				21BEE5F424ED5EEA000584FA /* AppDelegate.swift in Sources */,
				21BEE5F624ED5EEA000584FA /* SceneDelegate.swift in Sources */,
			);
			runOnlyForDeploymentPostprocessing = 0;
		};
/* End PBXSourcesBuildPhase section */

/* Begin PBXVariantGroup section */
		21BEE5F924ED5EEA000584FA /* Main.storyboard */ = {
			isa = PBXVariantGroup;
			children = (
				21BEE5FA24ED5EEA000584FA /* Base */,
			);
			name = Main.storyboard;
			sourceTree = "<group>";
		};
		21BEE60124ED5EEC000584FA /* LaunchScreen.storyboard */ = {
			isa = PBXVariantGroup;
			children = (
				21BEE60224ED5EEC000584FA /* Base */,
			);
			name = LaunchScreen.storyboard;
			sourceTree = "<group>";
		};
/* End PBXVariantGroup section */

/* Begin XCBuildConfiguration section */
		21BEE60524ED5EEC000584FA /* Debug */ = {
			isa = XCBuildConfiguration;
			buildSettings = {
				ALWAYS_SEARCH_USER_PATHS = NO;
				CLANG_ANALYZER_NONNULL = YES;
				CLANG_ANALYZER_NUMBER_OBJECT_CONVERSION = YES_AGGRESSIVE;
				CLANG_CXX_LANGUAGE_STANDARD = "gnu++14";
				CLANG_CXX_LIBRARY = "libc++";
				CLANG_ENABLE_MODULES = YES;
				CLANG_ENABLE_OBJC_ARC = YES;
				CLANG_ENABLE_OBJC_WEAK = YES;
				CLANG_WARN_BLOCK_CAPTURE_AUTORELEASING = YES;
				CLANG_WARN_BOOL_CONVERSION = YES;
				CLANG_WARN_COMMA = YES;
				CLANG_WARN_CONSTANT_CONVERSION = YES;
				CLANG_WARN_DEPRECATED_OBJC_IMPLEMENTATIONS = YES;
				CLANG_WARN_DIRECT_OBJC_ISA_USAGE = YES_ERROR;
				CLANG_WARN_DOCUMENTATION_COMMENTS = YES;
				CLANG_WARN_EMPTY_BODY = YES;
				CLANG_WARN_ENUM_CONVERSION = YES;
				CLANG_WARN_INFINITE_RECURSION = YES;
				CLANG_WARN_INT_CONVERSION = YES;
				CLANG_WARN_NON_LITERAL_NULL_CONVERSION = YES;
				CLANG_WARN_OBJC_IMPLICIT_RETAIN_SELF = YES;
				CLANG_WARN_OBJC_LITERAL_CONVERSION = YES;
				CLANG_WARN_OBJC_ROOT_CLASS = YES_ERROR;
				CLANG_WARN_RANGE_LOOP_ANALYSIS = YES;
				CLANG_WARN_STRICT_PROTOTYPES = YES;
				CLANG_WARN_SUSPICIOUS_MOVE = YES;
				CLANG_WARN_UNGUARDED_AVAILABILITY = YES_AGGRESSIVE;
				CLANG_WARN_UNREACHABLE_CODE = YES;
				CLANG_WARN__DUPLICATE_METHOD_MATCH = YES;
				COPY_PHASE_STRIP = NO;
				DEBUG_INFORMATION_FORMAT = dwarf;
				ENABLE_STRICT_OBJC_MSGSEND = YES;
				ENABLE_TESTABILITY = YES;
				GCC_C_LANGUAGE_STANDARD = gnu11;
				GCC_DYNAMIC_NO_PIC = NO;
				GCC_NO_COMMON_BLOCKS = YES;
				GCC_OPTIMIZATION_LEVEL = 0;
				GCC_PREPROCESSOR_DEFINITIONS = (
					"DEBUG=1",
					"$(inherited)",
				);
				GCC_WARN_64_TO_32_BIT_CONVERSION = YES;
				GCC_WARN_ABOUT_RETURN_TYPE = YES_ERROR;
				GCC_WARN_UNDECLARED_SELECTOR = YES;
				GCC_WARN_UNINITIALIZED_AUTOS = YES_AGGRESSIVE;
				GCC_WARN_UNUSED_FUNCTION = YES;
				GCC_WARN_UNUSED_VARIABLE = YES;
				IPHONEOS_DEPLOYMENT_TARGET = 13.6;
				MTL_ENABLE_DEBUG_INFO = INCLUDE_SOURCE;
				MTL_FAST_MATH = YES;
				ONLY_ACTIVE_ARCH = YES;
				SDKROOT = iphoneos;
				SWIFT_ACTIVE_COMPILATION_CONDITIONS = DEBUG;
				SWIFT_OPTIMIZATION_LEVEL = "-Onone";
			};
			name = Debug;
		};
		21BEE60624ED5EEC000584FA /* Release */ = {
			isa = XCBuildConfiguration;
			buildSettings = {
				ALWAYS_SEARCH_USER_PATHS = NO;
				CLANG_ANALYZER_NONNULL = YES;
				CLANG_ANALYZER_NUMBER_OBJECT_CONVERSION = YES_AGGRESSIVE;
				CLANG_CXX_LANGUAGE_STANDARD = "gnu++14";
				CLANG_CXX_LIBRARY = "libc++";
				CLANG_ENABLE_MODULES = YES;
				CLANG_ENABLE_OBJC_ARC = YES;
				CLANG_ENABLE_OBJC_WEAK = YES;
				CLANG_WARN_BLOCK_CAPTURE_AUTORELEASING = YES;
				CLANG_WARN_BOOL_CONVERSION = YES;
				CLANG_WARN_COMMA = YES;
				CLANG_WARN_CONSTANT_CONVERSION = YES;
				CLANG_WARN_DEPRECATED_OBJC_IMPLEMENTATIONS = YES;
				CLANG_WARN_DIRECT_OBJC_ISA_USAGE = YES_ERROR;
				CLANG_WARN_DOCUMENTATION_COMMENTS = YES;
				CLANG_WARN_EMPTY_BODY = YES;
				CLANG_WARN_ENUM_CONVERSION = YES;
				CLANG_WARN_INFINITE_RECURSION = YES;
				CLANG_WARN_INT_CONVERSION = YES;
				CLANG_WARN_NON_LITERAL_NULL_CONVERSION = YES;
				CLANG_WARN_OBJC_IMPLICIT_RETAIN_SELF = YES;
				CLANG_WARN_OBJC_LITERAL_CONVERSION = YES;
				CLANG_WARN_OBJC_ROOT_CLASS = YES_ERROR;
				CLANG_WARN_RANGE_LOOP_ANALYSIS = YES;
				CLANG_WARN_STRICT_PROTOTYPES = YES;
				CLANG_WARN_SUSPICIOUS_MOVE = YES;
				CLANG_WARN_UNGUARDED_AVAILABILITY = YES_AGGRESSIVE;
				CLANG_WARN_UNREACHABLE_CODE = YES;
				CLANG_WARN__DUPLICATE_METHOD_MATCH = YES;
				COPY_PHASE_STRIP = NO;
				DEBUG_INFORMATION_FORMAT = "dwarf-with-dsym";
				ENABLE_NS_ASSERTIONS = NO;
				ENABLE_STRICT_OBJC_MSGSEND = YES;
				GCC_C_LANGUAGE_STANDARD = gnu11;
				GCC_NO_COMMON_BLOCKS = YES;
				GCC_WARN_64_TO_32_BIT_CONVERSION = YES;
				GCC_WARN_ABOUT_RETURN_TYPE = YES_ERROR;
				GCC_WARN_UNDECLARED_SELECTOR = YES;
				GCC_WARN_UNINITIALIZED_AUTOS = YES_AGGRESSIVE;
				GCC_WARN_UNUSED_FUNCTION = YES;
				GCC_WARN_UNUSED_VARIABLE = YES;
				IPHONEOS_DEPLOYMENT_TARGET = 13.6;
				MTL_ENABLE_DEBUG_INFO = NO;
				MTL_FAST_MATH = YES;
				SDKROOT = iphoneos;
				SWIFT_COMPILATION_MODE = wholemodule;
				SWIFT_OPTIMIZATION_LEVEL = "-O";
				VALIDATE_PRODUCT = YES;
			};
			name = Release;
		};
		21BEE60824ED5EEC000584FA /* Debug */ = {
			isa = XCBuildConfiguration;
			buildSettings = {
				ASSETCATALOG_COMPILER_APPICON_NAME = AppIcon;
				CODE_SIGN_STYLE = Automatic;
				INFOPLIST_FILE = Instagram/Info.plist;
				LD_RUNPATH_SEARCH_PATHS = (
					"$(inherited)",
					"@executable_path/Frameworks",
				);
				PRODUCT_BUNDLE_IDENTIFIER = com.ugsuzf.Instagram;
				PRODUCT_NAME = "$(TARGET_NAME)";
				SWIFT_VERSION = 5.0;
				TARGETED_DEVICE_FAMILY = "1,2";
			};
			name = Debug;
		};
		21BEE60924ED5EEC000584FA /* Release */ = {
			isa = XCBuildConfiguration;
			buildSettings = {
				ASSETCATALOG_COMPILER_APPICON_NAME = AppIcon;
				CODE_SIGN_STYLE = Automatic;
				INFOPLIST_FILE = Instagram/Info.plist;
				LD_RUNPATH_SEARCH_PATHS = (
					"$(inherited)",
					"@executable_path/Frameworks",
				);
				PRODUCT_BUNDLE_IDENTIFIER = com.ugsuzf.Instagram;
				PRODUCT_NAME = "$(TARGET_NAME)";
				SWIFT_VERSION = 5.0;
				TARGETED_DEVICE_FAMILY = "1,2";
			};
			name = Release;
		};
/* End XCBuildConfiguration section */

/* Begin XCConfigurationList section */
		21BEE5EB24ED5EEA000584FA /* Build configuration list for PBXProject "Instagram" */ = {
			isa = XCConfigurationList;
			buildConfigurations = (
				21BEE60524ED5EEC000584FA /* Debug */,
				21BEE60624ED5EEC000584FA /* Release */,
			);
			defaultConfigurationIsVisible = 0;
			defaultConfigurationName = Release;
		};
		21BEE60724ED5EEC000584FA /* Build configuration list for PBXNativeTarget "Instagram" */ = {
			isa = XCConfigurationList;
			buildConfigurations = (
				21BEE60824ED5EEC000584FA /* Debug */,
				21BEE60924ED5EEC000584FA /* Release */,
			);
			defaultConfigurationIsVisible = 0;
			defaultConfigurationName = Release;
		};
/* End XCConfigurationList section */

/* Begin XCVersionGroup section */
		21BEE5FC24ED5EEA000584FA /* Instagram.xcdatamodeld */ = {
			isa = XCVersionGroup;
			children = (
				21BEE5FD24ED5EEA000584FA /* Instagram.xcdatamodel */,
			);
			currentVersion = 21BEE5FD24ED5EEA000584FA /* Instagram.xcdatamodel */;
			path = Instagram.xcdatamodeld;
			sourceTree = "<group>";
			versionGroupType = wrapper.xcdatamodel;
		};
/* End XCVersionGroup section */
	};
	rootObject = 21BEE5E824ED5EEA000584FA /* Project object */;
}
